
Microsoft Visual Studio Solution File, Format Version 12.00
# Visual Studio Version 17
VisualStudioVersion = 17.2.32422.2
MinimumVisualStudioVersion = 10.0.40219.1
Project("{9A19103F-16F7-4668-BE54-9A1E7A4F7556}") = "MauiBlazorAppServerToServerSample", "MauiBlazorAppServerToServerSample\MauiBlazorAppServerToServerSample.csproj", "{63507C3C-C8ED-4730-B4AE-016B32138E1C}"
EndProject
Global
	GlobalSection(SolutionConfigurationPlatforms) = preSolution
		Debug|Any CPU = Debug|Any CPU
		Release|Any CPU = Release|Any CPU
	EndGlobalSection
	GlobalSection(ProjectConfigurationPlatforms) = postSolution
		{63507C3C-C8ED-4730-B4AE-016B32138E1C}.Debug|Any CPU.ActiveCfg = Debug|Any CPU
		{63507C3C-C8ED-4730-B4AE-016B32138E1C}.Debug|Any CPU.Build.0 = Debug|Any CPU
		{63507C3C-C8ED-4730-B4AE-016B32138E1C}.Debug|Any CPU.Deploy.0 = Debug|Any CPU
		{63507C3C-C8ED-4730-B4AE-016B32138E1C}.Release|Any CPU.ActiveCfg = Release|Any CPU
		{63507C3C-C8ED-4730-B4AE-016B32138E1C}.Release|Any CPU.Build.0 = Release|Any CPU
	EndGlobalSection
	GlobalSection(SolutionProperties) = preSolution
		HideSolutionNode = FALSE
	EndGlobalSection
	GlobalSection(ExtensibilityGlobals) = postSolution
		SolutionGuid = {9682EBE7-B001-425E-AC01-47ACDDBB757A}
	EndGlobalSection
EndGlobal
