
Microsoft Visual Studio Solution File, Format Version 12.00
Project("{FAE04EC0-301F-11D3-BF4B-00C04F79EFBC}") = "MsalServerToServerEarlyBoundSample.Core", "MsalServerToServerEarlyBoundSample.Core\MsalServerToServerEarlyBoundSample.Core.csproj", "{A34ABEF0-75CA-4667-B4E7-0F5DCB4D1EA9}"
EndProject
Global
	GlobalSection(SolutionConfigurationPlatforms) = preSolution
		Debug|Any CPU = Debug|Any CPU
		Release|Any CPU = Release|Any CPU
	EndGlobalSection
	GlobalSection(ProjectConfigurationPlatforms) = postSolution
		{A34ABEF0-75CA-4667-B4E7-0F5DCB4D1EA9}.Debug|Any CPU.ActiveCfg = Debug|Any CPU
		{A34ABEF0-75CA-4667-B4E7-0F5DCB4D1EA9}.Debug|Any CPU.Build.0 = Debug|Any CPU
		{A34ABEF0-75CA-4667-B4E7-0F5DCB4D1EA9}.Release|Any CPU.ActiveCfg = Release|Any CPU
		{A34ABEF0-75CA-4667-B4E7-0F5DCB4D1EA9}.Release|Any CPU.Build.0 = Release|Any CPU
	EndGlobalSection
EndGlobal
